
Microsoft Visual Studio Solution File, Format Version 12.00
# Visual Studio Version 17
VisualStudioVersion = 17.13.35931.197 d17.13
MinimumVisualStudioVersion = 10.0.40219.1
Project("{9A19103F-16F7-4668-BE54-9A1E7A4F7556}") = "SteamQuery.NET", "SteamQuery.NET\SteamQuery.NET.csproj", "{22DB57B7-CC81-47B3-A939-AF2AC1681918}"
EndProject
Global
	GlobalSection(SolutionConfigurationPlatforms) = preSolution
		Debug|Any CPU = Debug|Any CPU
		Release|Any CPU = Release|Any CPU
	EndGlobalSection
	GlobalSection(ProjectConfigurationPlatforms) = postSolution
		{22DB57B7-CC81-47B3-A939-AF2AC1681918}.Debug|Any CPU.ActiveCfg = Debug|Any CPU
		{22DB57B7-CC81-47B3-A939-AF2AC1681918}.Debug|Any CPU.Build.0 = Debug|Any CPU
		{22DB57B7-CC81-47B3-A939-AF2AC1681918}.Release|Any CPU.ActiveCfg = Release|Any CPU
		{22DB57B7-CC81-47B3-A939-AF2AC1681918}.Release|Any CPU.Build.0 = Release|Any CPU
	EndGlobalSection
	GlobalSection(SolutionProperties) = preSolution
		HideSolutionNode = FALSE
	EndGlobalSection
	GlobalSection(ExtensibilityGlobals) = postSolution
		SolutionGuid = {EF2C2B6D-ECA8-47A7-9815-D3B0097EDFF0}
	EndGlobalSection
EndGlobal
